
Microsoft Visual Studio Solution File, Format Version 12.00
# Visual Studio 15
VisualStudioVersion = 15.0.28307.1622
MinimumVisualStudioVersion = 10.0.40219.1
Project("{8BC9CEB8-8B4A-11D0-8D11-00A0C91BC942}") = "cfitsio", "cfitsio\cfitsio.vcxproj", "{7ABEC4FC-A924-43D7-89FA-F00E3A42DB3B}"
EndProject
Project("{8BC9CEB8-8B4A-11D0-8D11-00A0C91BC942}") = "shellextension", "shellextension\shellextension.vcxproj", "{BEE47E5D-8CA6-4CE4-A830-8B80F85710F3}"
	ProjectSection(ProjectDependencies) = postProject
		{7ABEC4FC-A924-43D7-89FA-F00E3A42DB3B} = {7ABEC4FC-A924-43D7-89FA-F00E3A42DB3B}
	EndProjectSection
EndProject
Project("{930C7802-8A8C-48F9-8165-68863BCCD9DD}") = "installer", "installer\installer.wixproj", "{0FB74060-572B-4CF7-9858-333133880025}"
	ProjectSection(ProjectDependencies) = postProject
		{BEE47E5D-8CA6-4CE4-A830-8B80F85710F3} = {BEE47E5D-8CA6-4CE4-A830-8B80F85710F3}
		{D79CA683-FA05-440E-BE8A-9DE2C0EA626E} = {D79CA683-FA05-440E-BE8A-9DE2C0EA626E}
		{7ABEC4FC-A924-43D7-89FA-F00E3A42DB3B} = {7ABEC4FC-A924-43D7-89FA-F00E3A42DB3B}
	EndProjectSection
EndProject
Project("{8BC9CEB8-8B4A-11D0-8D11-00A0C91BC942}") = "installerdll", "installerdll\installerdll.vcxproj", "{D79CA683-FA05-440E-BE8A-9DE2C0EA626E}"
	ProjectSection(ProjectDependencies) = postProject
		{BEE47E5D-8CA6-4CE4-A830-8B80F85710F3} = {BEE47E5D-8CA6-4CE4-A830-8B80F85710F3}
	EndProjectSection
EndProject
Global
	GlobalSection(SolutionConfigurationPlatforms) = preSolution
		Debug|x64 = Debug|x64
		Debug|x86 = Debug|x86
		Release|x64 = Release|x64
		Release|x86 = Release|x86
	EndGlobalSection
	GlobalSection(ProjectConfigurationPlatforms) = postSolution
		{7ABEC4FC-A924-43D7-89FA-F00E3A42DB3B}.Debug|x64.ActiveCfg = Debug|x64
		{7ABEC4FC-A924-43D7-89FA-F00E3A42DB3B}.Debug|x64.Build.0 = Debug|x64
		{7ABEC4FC-A924-43D7-89FA-F00E3A42DB3B}.Debug|x86.ActiveCfg = Debug|Win32
		{7ABEC4FC-A924-43D7-89FA-F00E3A42DB3B}.Debug|x86.Build.0 = Debug|Win32
		{7ABEC4FC-A924-43D7-89FA-F00E3A42DB3B}.Release|x64.ActiveCfg = Release|x64
		{7ABEC4FC-A924-43D7-89FA-F00E3A42DB3B}.Release|x64.Build.0 = Release|x64
		{7ABEC4FC-A924-43D7-89FA-F00E3A42DB3B}.Release|x86.ActiveCfg = Release|Win32
		{7ABEC4FC-A924-43D7-89FA-F00E3A42DB3B}.Release|x86.Build.0 = Release|Win32
		{BEE47E5D-8CA6-4CE4-A830-8B80F85710F3}.Debug|x64.ActiveCfg = Debug|x64
		{BEE47E5D-8CA6-4CE4-A830-8B80F85710F3}.Debug|x64.Build.0 = Debug|x64
		{BEE47E5D-8CA6-4CE4-A830-8B80F85710F3}.Debug|x86.ActiveCfg = Debug|Win32
		{BEE47E5D-8CA6-4CE4-A830-8B80F85710F3}.Debug|x86.Build.0 = Debug|Win32
		{BEE47E5D-8CA6-4CE4-A830-8B80F85710F3}.Release|x64.ActiveCfg = Release|x64
		{BEE47E5D-8CA6-4CE4-A830-8B80F85710F3}.Release|x64.Build.0 = Release|x64
		{BEE47E5D-8CA6-4CE4-A830-8B80F85710F3}.Release|x86.ActiveCfg = Release|Win32
		{BEE47E5D-8CA6-4CE4-A830-8B80F85710F3}.Release|x86.Build.0 = Release|Win32
		{0FB74060-572B-4CF7-9858-333133880025}.Debug|x64.ActiveCfg = Debug|x86
		{0FB74060-572B-4CF7-9858-333133880025}.Debug|x86.ActiveCfg = Debug|x86
		{0FB74060-572B-4CF7-9858-333133880025}.Debug|x86.Build.0 = Debug|x86
		{0FB74060-572B-4CF7-9858-333133880025}.Release|x64.ActiveCfg = Release|x64
		{0FB74060-572B-4CF7-9858-333133880025}.Release|x86.ActiveCfg = Release|x86
		{0FB74060-572B-4CF7-9858-333133880025}.Release|x86.Build.0 = Release|x86
		{D79CA683-FA05-440E-BE8A-9DE2C0EA626E}.Debug|x64.ActiveCfg = Debug|Win32
		{D79CA683-FA05-440E-BE8A-9DE2C0EA626E}.Debug|x86.ActiveCfg = Debug|Win32
		{D79CA683-FA05-440E-BE8A-9DE2C0EA626E}.Debug|x86.Build.0 = Debug|Win32
		{D79CA683-FA05-440E-BE8A-9DE2C0EA626E}.Release|x64.ActiveCfg = Release|Win32
		{D79CA683-FA05-440E-BE8A-9DE2C0EA626E}.Release|x86.ActiveCfg = Release|Win32
		{D79CA683-FA05-440E-BE8A-9DE2C0EA626E}.Release|x86.Build.0 = Release|Win32
	EndGlobalSection
	GlobalSection(SolutionProperties) = preSolution
		HideSolutionNode = FALSE
	EndGlobalSection
	GlobalSection(ExtensibilityGlobals) = postSolution
		SolutionGuid = {3ED9D1D6-5795-4239-82A2-E8DDEF6FB56A}
	EndGlobalSection
EndGlobal
